// !$*UTF8*$!
{
	archiveVersion = 1;
	classes = {
	};
	objectVersion = 46;
	objects = {

/* Begin PBXBuildFile section */
		DB1211BA1ED750D700935602 /* AppDelegate.swift in Sources */ = {isa = PBXBuildFile; fileRef = DB1211B91ED750D700935602 /* AppDelegate.swift */; };
		DB1211BC1ED750D700935602 /* ViewController.swift in Sources */ = {isa = PBXBuildFile; fileRef = DB1211BB1ED750D700935602 /* ViewController.swift */; };
		DB1211BF1ED750D700935602 /* Main.storyboard in Resources */ = {isa = PBXBuildFile; fileRef = DB1211BD1ED750D700935602 /* Main.storyboard */; };
		DB1211C11ED750D700935602 /* Assets.xcassets in Resources */ = {isa = PBXBuildFile; fileRef = DB1211C01ED750D700935602 /* Assets.xcassets */; };
		DB1211C41ED750D700935602 /* LaunchScreen.storyboard in Resources */ = {isa = PBXBuildFile; fileRef = DB1211C21ED750D700935602 /* LaunchScreen.storyboard */; };
		DB1211CF1ED750D700935602 /* RomanToBase10Tests.swift in Sources */ = {isa = PBXBuildFile; fileRef = DB1211CE1ED750D700935602 /* RomanToBase10Tests.swift */; };
/* End PBXBuildFile section */

/* Begin PBXContainerItemProxy section */
		DB1211CB1ED750D700935602 /* PBXContainerItemProxy */ = {
			isa = PBXContainerItemProxy;
			containerPortal = DB1211AE1ED750D700935602 /* Project object */;
			proxyType = 1;
			remoteGlobalIDString = DB1211B51ED750D700935602;
			remoteInfo = RomanToBase10;
		};
/* End PBXContainerItemProxy section */

/* Begin PBXFileReference section */
		DB1211B61ED750D700935602 /* RomanToBase10.app */ = {isa = PBXFileReference; explicitFileType = wrapper.application; includeInIndex = 0; path = RomanToBase10.app; sourceTree = BUILT_PRODUCTS_DIR; };
		DB1211B91ED750D700935602 /* AppDelegate.swift */ = {isa = PBXFileReference; lastKnownFileType = sourcecode.swift; path = AppDelegate.swift; sourceTree = "<group>"; };
		DB1211BB1ED750D700935602 /* ViewController.swift */ = {isa = PBXFileReference; lastKnownFileType = sourcecode.swift; path = ViewController.swift; sourceTree = "<group>"; };
		DB1211BE1ED750D700935602 /* Base */ = {isa = PBXFileReference; lastKnownFileType = file.storyboard; name = Base; path = Base.lproj/Main.storyboard; sourceTree = "<group>"; };
		DB1211C01ED750D700935602 /* Assets.xcassets */ = {isa = PBXFileReference; lastKnownFileType = folder.assetcatalog; path = Assets.xcassets; sourceTree = "<group>"; };
		DB1211C31ED750D700935602 /* Base */ = {isa = PBXFileReference; lastKnownFileType = file.storyboard; name = Base; path = Base.lproj/LaunchScreen.storyboard; sourceTree = "<group>"; };
		DB1211C51ED750D700935602 /* Info.plist */ = {isa = PBXFileReference; lastKnownFileType = text.plist.xml; path = Info.plist; sourceTree = "<group>"; };
		DB1211CA1ED750D700935602 /* RomanToBase10Tests.xctest */ = {isa = PBXFileReference; explicitFileType = wrapper.cfbundle; includeInIndex = 0; path = RomanToBase10Tests.xctest; sourceTree = BUILT_PRODUCTS_DIR; };
		DB1211CE1ED750D700935602 /* RomanToBase10Tests.swift */ = {isa = PBXFileReference; lastKnownFileType = sourcecode.swift; path = RomanToBase10Tests.swift; sourceTree = "<group>"; };
		DB1211D01ED750D700935602 /* Info.plist */ = {isa = PBXFileReference; lastKnownFileType = text.plist.xml; path = Info.plist; sourceTree = "<group>"; };
/* End PBXFileReference section */

/* Begin PBXFrameworksBuildPhase section */
		DB1211B31ED750D700935602 /* Frameworks */ = {
			isa = PBXFrameworksBuildPhase;
			buildActionMask = 2147483647;
			files = (
			);
			runOnlyForDeploymentPostprocessing = 0;
		};
		DB1211C71ED750D700935602 /* Frameworks */ = {
			isa = PBXFrameworksBuildPhase;
			buildActionMask = 2147483647;
			files = (
			);
			runOnlyForDeploymentPostprocessing = 0;
		};
/* End PBXFrameworksBuildPhase section */

/* Begin PBXGroup section */
		DB1211AD1ED750D700935602 = {
			isa = PBXGroup;
			children = (
				DB1211B81ED750D700935602 /* RomanToBase10 */,
				DB1211CD1ED750D700935602 /* RomanToBase10Tests */,
				DB1211B71ED750D700935602 /* Products */,
			);
			sourceTree = "<group>";
		};
		DB1211B71ED750D700935602 /* Products */ = {
			isa = PBXGroup;
			children = (
				DB1211B61ED750D700935602 /* RomanToBase10.app */,
				DB1211CA1ED750D700935602 /* RomanToBase10Tests.xctest */,
			);
			name = Products;
			sourceTree = "<group>";
		};
		DB1211B81ED750D700935602 /* RomanToBase10 */ = {
			isa = PBXGroup;
			children = (
				DB1211B91ED750D700935602 /* AppDelegate.swift */,
				DB1211BB1ED750D700935602 /* ViewController.swift */,
				DB1211BD1ED750D700935602 /* Main.storyboard */,
				DB1211C01ED750D700935602 /* Assets.xcassets */,
				DB1211C21ED750D700935602 /* LaunchScreen.storyboard */,
				DB1211C51ED750D700935602 /* Info.plist */,
			);
			path = RomanToBase10;
			sourceTree = "<group>";
		};
		DB1211CD1ED750D700935602 /* RomanToBase10Tests */ = {
			isa = PBXGroup;
			children = (
				DB1211CE1ED750D700935602 /* RomanToBase10Tests.swift */,
				DB1211D01ED750D700935602 /* Info.plist */,
			);
			path = RomanToBase10Tests;
			sourceTree = "<group>";
		};
/* End PBXGroup section */

/* Begin PBXNativeTarget section */
		DB1211B51ED750D700935602 /* RomanToBase10 */ = {
			isa = PBXNativeTarget;
			buildConfigurationList = DB1211D31ED750D700935602 /* Build configuration list for PBXNativeTarget "RomanToBase10" */;
			buildPhases = (
				DB1211B21ED750D700935602 /* Sources */,
				DB1211B31ED750D700935602 /* Frameworks */,
				DB1211B41ED750D700935602 /* Resources */,
			);
			buildRules = (
			);
			dependencies = (
			);
			name = RomanToBase10;
			productName = RomanToBase10;
			productReference = DB1211B61ED750D700935602 /* RomanToBase10.app */;
			productType = "com.apple.product-type.application";
		};
		DB1211C91ED750D700935602 /* RomanToBase10Tests */ = {
			isa = PBXNativeTarget;
			buildConfigurationList = DB1211D61ED750D700935602 /* Build configuration list for PBXNativeTarget "RomanToBase10Tests" */;
			buildPhases = (
				DB1211C61ED750D700935602 /* Sources */,
				DB1211C71ED750D700935602 /* Frameworks */,
				DB1211C81ED750D700935602 /* Resources */,
			);
			buildRules = (
			);
			dependencies = (
				DB1211CC1ED750D700935602 /* PBXTargetDependency */,
			);
			name = RomanToBase10Tests;
			productName = RomanToBase10Tests;
			productReference = DB1211CA1ED750D700935602 /* RomanToBase10Tests.xctest */;
			productType = "com.apple.product-type.bundle.unit-test";
		};
/* End PBXNativeTarget section */

/* Begin PBXProject section */
		DB1211AE1ED750D700935602 /* Project object */ = {
			isa = PBXProject;
			attributes = {
				LastSwiftUpdateCheck = 0830;
				LastUpgradeCheck = 0830;
				ORGANIZATIONNAME = "Hasibul Shishir";
				TargetAttributes = {
					DB1211B51ED750D700935602 = {
						CreatedOnToolsVersion = 8.3;
						DevelopmentTeam = JWY66BQRHZ;
						ProvisioningStyle = Automatic;
					};
					DB1211C91ED750D700935602 = {
						CreatedOnToolsVersion = 8.3;
						DevelopmentTeam = JWY66BQRHZ;
						ProvisioningStyle = Automatic;
						TestTargetID = DB1211B51ED750D700935602;
					};
				};
			};
			buildConfigurationList = DB1211B11ED750D700935602 /* Build configuration list for PBXProject "RomanToBase10" */;
			compatibilityVersion = "Xcode 3.2";
			developmentRegion = English;
			hasScannedForEncodings = 0;
			knownRegions = (
				en,
				Base,
			);
			mainGroup = DB1211AD1ED750D700935602;
			productRefGroup = DB1211B71ED750D700935602 /* Products */;
			projectDirPath = "";
			projectRoot = "";
			targets = (
				DB1211B51ED750D700935602 /* RomanToBase10 */,
				DB1211C91ED750D700935602 /* RomanToBase10Tests */,
			);
		};
/* End PBXProject section */

/* Begin PBXResourcesBuildPhase section */
		DB1211B41ED750D700935602 /* Resources */ = {
			isa = PBXResourcesBuildPhase;
			buildActionMask = 2147483647;
			files = (
				DB1211C41ED750D700935602 /* LaunchScreen.storyboard in Resources */,
				DB1211C11ED750D700935602 /* Assets.xcassets in Resources */,
				DB1211BF1ED750D700935602 /* Main.storyboard in Resources */,
			);
			runOnlyForDeploymentPostprocessing = 0;
		};
		DB1211C81ED750D700935602 /* Resources */ = {
			isa = PBXResourcesBuildPhase;
			buildActionMask = 2147483647;
			files = (
			);
			runOnlyForDeploymentPostprocessing = 0;
		};
/* End PBXResourcesBuildPhase section */

/* Begin PBXSourcesBuildPhase section */
		DB1211B21ED750D700935602 /* Sources */ = {
			isa = PBXSourcesBuildPhase;
			buildActionMask = 2147483647;
			files = (
				DB1211BC1ED750D700935602 /* ViewController.swift in Sources */,
				DB1211BA1ED750D700935602 /* AppDelegate.swift in Sources */,
			);
			runOnlyForDeploymentPostprocessing = 0;
		};
		DB1211C61ED750D700935602 /* Sources */ = {
			isa = PBXSourcesBuildPhase;
			buildActionMask = 2147483647;
			files = (
				DB1211CF1ED750D700935602 /* RomanToBase10Tests.swift in Sources */,
			);
			runOnlyForDeploymentPostprocessing = 0;
		};
/* End PBXSourcesBuildPhase section */

/* Begin PBXTargetDependency section */
		DB1211CC1ED750D700935602 /* PBXTargetDependency */ = {
			isa = PBXTargetDependency;
			target = DB1211B51ED750D700935602 /* RomanToBase10 */;
			targetProxy = DB1211CB1ED750D700935602 /* PBXContainerItemProxy */;
		};
/* End PBXTargetDependency section */

/* Begin PBXVariantGroup section */
		DB1211BD1ED750D700935602 /* Main.storyboard */ = {
			isa = PBXVariantGroup;
			children = (
				DB1211BE1ED750D700935602 /* Base */,
			);
			name = Main.storyboard;
			sourceTree = "<group>";
		};
		DB1211C21ED750D700935602 /* LaunchScreen.storyboard */ = {
			isa = PBXVariantGroup;
			children = (
				DB1211C31ED750D700935602 /* Base */,
			);
			name = LaunchScreen.storyboard;
			sourceTree = "<group>";
		};
/* End PBXVariantGroup section */

/* Begin XCBuildConfiguration section */
		DB1211D11ED750D700935602 /* Debug */ = {
			isa = XCBuildConfiguration;
			buildSettings = {
				ALWAYS_SEARCH_USER_PATHS = NO;
				CLANG_ANALYZER_NONNULL = YES;
				CLANG_ANALYZER_NUMBER_OBJECT_CONVERSION = YES_AGGRESSIVE;
				CLANG_CXX_LANGUAGE_STANDARD = "gnu++0x";
				CLANG_CXX_LIBRARY = "libc++";
				CLANG_ENABLE_MODULES = YES;
				CLANG_ENABLE_OBJC_ARC = YES;
				CLANG_WARN_BOOL_CONVERSION = YES;
				CLANG_WARN_CONSTANT_CONVERSION = YES;
				CLANG_WARN_DIRECT_OBJC_ISA_USAGE = YES_ERROR;
				CLANG_WARN_DOCUMENTATION_COMMENTS = YES;
				CLANG_WARN_EMPTY_BODY = YES;
				CLANG_WARN_ENUM_CONVERSION = YES;
				CLANG_WARN_INFINITE_RECURSION = YES;
				CLANG_WARN_INT_CONVERSION = YES;
				CLANG_WARN_OBJC_ROOT_CLASS = YES_ERROR;
				CLANG_WARN_SUSPICIOUS_MOVE = YES;
				CLANG_WARN_UNREACHABLE_CODE = YES;
				CLANG_WARN__DUPLICATE_METHOD_MATCH = YES;
				"CODE_SIGN_IDENTITY[sdk=iphoneos*]" = "iPhone Developer";
				COPY_PHASE_STRIP = NO;
				DEBUG_INFORMATION_FORMAT = dwarf;
				ENABLE_STRICT_OBJC_MSGSEND = YES;
				ENABLE_TESTABILITY = YES;
				GCC_C_LANGUAGE_STANDARD = gnu99;
				GCC_DYNAMIC_NO_PIC = NO;
				GCC_NO_COMMON_BLOCKS = YES;
				GCC_OPTIMIZATION_LEVEL = 0;
				GCC_PREPROCESSOR_DEFINITIONS = (
					"DEBUG=1",
					"$(inherited)",
				);
				GCC_WARN_64_TO_32_BIT_CONVERSION = YES;
				GCC_WARN_ABOUT_RETURN_TYPE = YES_ERROR;
				GCC_WARN_UNDECLARED_SELECTOR = YES;
				GCC_WARN_UNINITIALIZED_AUTOS = YES_AGGRESSIVE;
				GCC_WARN_UNUSED_FUNCTION = YES;
				GCC_WARN_UNUSED_VARIABLE = YES;
				IPHONEOS_DEPLOYMENT_TARGET = 10.3;
				MTL_ENABLE_DEBUG_INFO = YES;
				ONLY_ACTIVE_ARCH = YES;
				SDKROOT = iphoneos;
				SWIFT_ACTIVE_COMPILATION_CONDITIONS = DEBUG;
				SWIFT_OPTIMIZATION_LEVEL = "-Onone";
			};
			name = Debug;
		};
		DB1211D21ED750D700935602 /* Release */ = {
			isa = XCBuildConfiguration;
			buildSettings = {
				ALWAYS_SEARCH_USER_PATHS = NO;
				CLANG_ANALYZER_NONNULL = YES;
				CLANG_ANALYZER_NUMBER_OBJECT_CONVERSION = YES_AGGRESSIVE;
				CLANG_CXX_LANGUAGE_STANDARD = "gnu++0x";
				CLANG_CXX_LIBRARY = "libc++";
				CLANG_ENABLE_MODULES = YES;
				CLANG_ENABLE_OBJC_ARC = YES;
				CLANG_WARN_BOOL_CONVERSION = YES;
				CLANG_WARN_CONSTANT_CONVERSION = YES;
				CLANG_WARN_DIRECT_OBJC_ISA_USAGE = YES_ERROR;
				CLANG_WARN_DOCUMENTATION_COMMENTS = YES;
				CLANG_WARN_EMPTY_BODY = YES;
				CLANG_WARN_ENUM_CONVERSION = YES;
				CLANG_WARN_INFINITE_RECURSION = YES;
				CLANG_WARN_INT_CONVERSION = YES;
				CLANG_WARN_OBJC_ROOT_CLASS = YES_ERROR;
				CLANG_WARN_SUSPICIOUS_MOVE = YES;
				CLANG_WARN_UNREACHABLE_CODE = YES;
				CLANG_WARN__DUPLICATE_METHOD_MATCH = YES;
				"CODE_SIGN_IDENTITY[sdk=iphoneos*]" = "iPhone Developer";
				COPY_PHASE_STRIP = NO;
				DEBUG_INFORMATION_FORMAT = "dwarf-with-dsym";
				ENABLE_NS_ASSERTIONS = NO;
				ENABLE_STRICT_OBJC_MSGSEND = YES;
				GCC_C_LANGUAGE_STANDARD = gnu99;
				GCC_NO_COMMON_BLOCKS = YES;
				GCC_WARN_64_TO_32_BIT_CONVERSION = YES;
				GCC_WARN_ABOUT_RETURN_TYPE = YES_ERROR;
				GCC_WARN_UNDECLARED_SELECTOR = YES;
				GCC_WARN_UNINITIALIZED_AUTOS = YES_AGGRESSIVE;
				GCC_WARN_UNUSED_FUNCTION = YES;
				GCC_WARN_UNUSED_VARIABLE = YES;
				IPHONEOS_DEPLOYMENT_TARGET = 10.3;
				MTL_ENABLE_DEBUG_INFO = NO;
				SDKROOT = iphoneos;
				SWIFT_OPTIMIZATION_LEVEL = "-Owholemodule";
				VALIDATE_PRODUCT = YES;
			};
			name = Release;
		};
		DB1211D41ED750D700935602 /* Debug */ = {
			isa = XCBuildConfiguration;
			buildSettings = {
				ASSETCATALOG_COMPILER_APPICON_NAME = AppIcon;
				DEVELOPMENT_TEAM = JWY66BQRHZ;
				INFOPLIST_FILE = RomanToBase10/Info.plist;
				LD_RUNPATH_SEARCH_PATHS = "$(inherited) @executable_path/Frameworks";
				PRODUCT_BUNDLE_IDENTIFIER = com.shishir.RomanToBase10;
				PRODUCT_NAME = "$(TARGET_NAME)";
				SWIFT_VERSION = 3.0;
			};
			name = Debug;
		};
		DB1211D51ED750D700935602 /* Release */ = {
			isa = XCBuildConfiguration;
			buildSettings = {
				ASSETCATALOG_COMPILER_APPICON_NAME = AppIcon;
				DEVELOPMENT_TEAM = JWY66BQRHZ;
				INFOPLIST_FILE = RomanToBase10/Info.plist;
				LD_RUNPATH_SEARCH_PATHS = "$(inherited) @executable_path/Frameworks";
				PRODUCT_BUNDLE_IDENTIFIER = com.shishir.RomanToBase10;
				PRODUCT_NAME = "$(TARGET_NAME)";
				SWIFT_VERSION = 3.0;
			};
			name = Release;
		};
		DB1211D71ED750D700935602 /* Debug */ = {
			isa = XCBuildConfiguration;
			buildSettings = {
				ALWAYS_EMBED_SWIFT_STANDARD_LIBRARIES = YES;
				BUNDLE_LOADER = "$(TEST_HOST)";
				DEVELOPMENT_TEAM = JWY66BQRHZ;
				INFOPLIST_FILE = RomanToBase10Tests/Info.plist;
				LD_RUNPATH_SEARCH_PATHS = "$(inherited) @executable_path/Frameworks @loader_path/Frameworks";
				PRODUCT_BUNDLE_IDENTIFIER = com.shishir.RomanToBase10Tests;
				PRODUCT_NAME = "$(TARGET_NAME)";
				SWIFT_VERSION = 3.0;
				TEST_HOST = "$(BUILT_PRODUCTS_DIR)/RomanToBase10.app/RomanToBase10";
			};
			name = Debug;
		};
		DB1211D81ED750D700935602 /* Release */ = {
			isa = XCBuildConfiguration;
			buildSettings = {
				ALWAYS_EMBED_SWIFT_STANDARD_LIBRARIES = YES;
				BUNDLE_LOADER = "$(TEST_HOST)";
				DEVELOPMENT_TEAM = JWY66BQRHZ;
				INFOPLIST_FILE = RomanToBase10Tests/Info.plist;
				LD_RUNPATH_SEARCH_PATHS = "$(inherited) @executable_path/Frameworks @loader_path/Frameworks";
				PRODUCT_BUNDLE_IDENTIFIER = com.shishir.RomanToBase10Tests;
				PRODUCT_NAME = "$(TARGET_NAME)";
				SWIFT_VERSION = 3.0;
				TEST_HOST = "$(BUILT_PRODUCTS_DIR)/RomanToBase10.app/RomanToBase10";
			};
			name = Release;
		};
/* End XCBuildConfiguration section */

/* Begin XCConfigurationList section */
		DB1211B11ED750D700935602 /* Build configuration list for PBXProject "RomanToBase10" */ = {
			isa = XCConfigurationList;
			buildConfigurations = (
				DB1211D11ED750D700935602 /* Debug */,
				DB1211D21ED750D700935602 /* Release */,
			);
			defaultConfigurationIsVisible = 0;
			defaultConfigurationName = Release;
		};
		DB1211D31ED750D700935602 /* Build configuration list for PBXNativeTarget "RomanToBase10" */ = {
			isa = XCConfigurationList;
			buildConfigurations = (
				DB1211D41ED750D700935602 /* Debug */,
				DB1211D51ED750D700935602 /* Release */,
			);
			defaultConfigurationIsVisible = 0;
		};
		DB1211D61ED750D700935602 /* Build configuration list for PBXNativeTarget "RomanToBase10Tests" */ = {
			isa = XCConfigurationList;
			buildConfigurations = (
				DB1211D71ED750D700935602 /* Debug */,
				DB1211D81ED750D700935602 /* Release */,
			);
			defaultConfigurationIsVisible = 0;
		};
/* End XCConfigurationList section */
	};
	rootObject = DB1211AE1ED750D700935602 /* Project object */;
}
